
Microsoft Visual Studio Solution File, Format Version 12.00
# Visual Studio Version 17
VisualStudioVersion = 17.4.33213.308
MinimumVisualStudioVersion = 10.0.40219.1
Project("{FAE04EC0-301F-11D3-BF4B-00C04F79EFBC}") = "FormFuncionarPeloAmorDeDeus", "FormFuncionarPeloAmorDeDeus\FormFuncionarPeloAmorDeDeus.csproj", "{145308AD-52D4-439D-A208-3034F164CECA}"
EndProject
Global
	GlobalSection(SolutionConfigurationPlatforms) = preSolution
		Debug|Any CPU = Debug|Any CPU
		Release|Any CPU = Release|Any CPU
	EndGlobalSection
	GlobalSection(ProjectConfigurationPlatforms) = postSolution
		{145308AD-52D4-439D-A208-3034F164CECA}.Debug|Any CPU.ActiveCfg = Debug|Any CPU
		{145308AD-52D4-439D-A208-3034F164CECA}.Debug|Any CPU.Build.0 = Debug|Any CPU
		{145308AD-52D4-439D-A208-3034F164CECA}.Release|Any CPU.ActiveCfg = Release|Any CPU
		{145308AD-52D4-439D-A208-3034F164CECA}.Release|Any CPU.Build.0 = Release|Any CPU
	EndGlobalSection
	GlobalSection(SolutionProperties) = preSolution
		HideSolutionNode = FALSE
	EndGlobalSection
	GlobalSection(ExtensibilityGlobals) = postSolution
		SolutionGuid = {00B5B101-03AA-4A3F-AB13-10FED1D2AEE1}
	EndGlobalSection
EndGlobal
